
Microsoft Visual Studio Solution File, Format Version 12.00
# Visual Studio Version 17
VisualStudioVersion = 17.6.33829.357
MinimumVisualStudioVersion = 10.0.40219.1
Project("{FAE04EC0-301F-11D3-BF4B-00C04F79EFBC}") = "EngSim", "EngSim\EngSim.csproj", "{178F0574-2C53-4A5D-A92E-26775F59A04A}"
EndProject
Global
	GlobalSection(SolutionConfigurationPlatforms) = preSolution
		Debug|Any CPU = Debug|Any CPU
		Release|Any CPU = Release|Any CPU
	EndGlobalSection
	GlobalSection(ProjectConfigurationPlatforms) = postSolution
		{178F0574-2C53-4A5D-A92E-26775F59A04A}.Debug|Any CPU.ActiveCfg = Debug|Any CPU
		{178F0574-2C53-4A5D-A92E-26775F59A04A}.Debug|Any CPU.Build.0 = Debug|Any CPU
		{178F0574-2C53-4A5D-A92E-26775F59A04A}.Release|Any CPU.ActiveCfg = Release|Any CPU
		{178F0574-2C53-4A5D-A92E-26775F59A04A}.Release|Any CPU.Build.0 = Release|Any CPU
	EndGlobalSection
	GlobalSection(SolutionProperties) = preSolution
		HideSolutionNode = FALSE
	EndGlobalSection
	GlobalSection(ExtensibilityGlobals) = postSolution
		SolutionGuid = {39D2B295-352A-4598-B7A6-98EBC323B7D2}
	EndGlobalSection
EndGlobal
